
Microsoft Visual Studio Solution File, Format Version 12.00
# Visual Studio Version 17
VisualStudioVersion = 17.7.34031.279
MinimumVisualStudioVersion = 10.0.40219.1
Project("{FAE04EC0-301F-11D3-BF4B-00C04F79EFBC}") = "n01605783Assignment1", "n01605783Assignment1\n01605783Assignment1.csproj", "{D57492B1-AD54-45C9-9377-265F78D05370}"
EndProject
Global
	GlobalSection(SolutionConfigurationPlatforms) = preSolution
		Debug|Any CPU = Debug|Any CPU
		Release|Any CPU = Release|Any CPU
	EndGlobalSection
	GlobalSection(ProjectConfigurationPlatforms) = postSolution
		{D57492B1-AD54-45C9-9377-265F78D05370}.Debug|Any CPU.ActiveCfg = Debug|Any CPU
		{D57492B1-AD54-45C9-9377-265F78D05370}.Debug|Any CPU.Build.0 = Debug|Any CPU
		{D57492B1-AD54-45C9-9377-265F78D05370}.Release|Any CPU.ActiveCfg = Release|Any CPU
		{D57492B1-AD54-45C9-9377-265F78D05370}.Release|Any CPU.Build.0 = Release|Any CPU
	EndGlobalSection
	GlobalSection(SolutionProperties) = preSolution
		HideSolutionNode = FALSE
	EndGlobalSection
	GlobalSection(ExtensibilityGlobals) = postSolution
		SolutionGuid = {045CC526-CB9A-4FC5-AC5A-46016BA6F19F}
	EndGlobalSection
EndGlobal
