
Microsoft Visual Studio Solution File, Format Version 12.00
# Visual Studio Version 17
VisualStudioVersion = 17.7.34202.233
MinimumVisualStudioVersion = 10.0.40219.1
Project("{FAE04EC0-301F-11D3-BF4B-00C04F79EFBC}") = "MyPassionProjectW2024n01605783", "MyPassionProjectW2024n01605783\MyPassionProjectW2024n01605783.csproj", "{A135E50E-9A89-43F6-AE57-96BC3AA70B60}"
EndProject
Global
	GlobalSection(SolutionConfigurationPlatforms) = preSolution
		Debug|Any CPU = Debug|Any CPU
		Release|Any CPU = Release|Any CPU
	EndGlobalSection
	GlobalSection(ProjectConfigurationPlatforms) = postSolution
		{A135E50E-9A89-43F6-AE57-96BC3AA70B60}.Debug|Any CPU.ActiveCfg = Debug|Any CPU
		{A135E50E-9A89-43F6-AE57-96BC3AA70B60}.Debug|Any CPU.Build.0 = Debug|Any CPU
		{A135E50E-9A89-43F6-AE57-96BC3AA70B60}.Release|Any CPU.ActiveCfg = Release|Any CPU
		{A135E50E-9A89-43F6-AE57-96BC3AA70B60}.Release|Any CPU.Build.0 = Release|Any CPU
	EndGlobalSection
	GlobalSection(SolutionProperties) = preSolution
		HideSolutionNode = FALSE
	EndGlobalSection
	GlobalSection(ExtensibilityGlobals) = postSolution
		SolutionGuid = {A389B0E6-EC31-498B-AB20-2273C73B3B08}
	EndGlobalSection
EndGlobal
